{
  "requires": true,
  "lockfileVersion": 1,
  "dependencies": {
    "semantic-ui-react-input-file": {
      "version": "1.0.3",
      "resolved": "https://registry.npmjs.org/semantic-ui-react-input-file/-/semantic-ui-react-input-file-1.0.3.tgz",
      "integrity": "sha512-DqXkVCNz0hWgJCiAO+k2LdO1HyJUVwTCH29tCXMoJfw0yu8EXJ98QBDp3RR4zt5Xi5Z4tA+j3TGaqs7wujztVQ=="
    }
  }
}
